
Microsoft Visual Studio Solution File, Format Version 12.00
# Visual Studio 2012
Project("{FAE04EC0-301F-11D3-BF4B-00C04F79EFBC}") = "GameCenterCore", "GameCenterCore\GameCenterCore.csproj", "{D236F38A-A14E-43E5-A525-0EE9F91E2FBB}"
EndProject
Project("{2150E333-8FDC-42A3-9474-1A3956D46DE8}") = "Games", "Games", "{A148E334-F197-4034-908C-5E0DC751523A}"
EndProject
Project("{2150E333-8FDC-42A3-9474-1A3956D46DE8}") = "X0", "X0", "{713A1598-3FD2-487E-B361-E94F253995C3}"
EndProject
Project("{FAE04EC0-301F-11D3-BF4B-00C04F79EFBC}") = "GameCenterWeb", "GameCenterWeb\GameCenterWeb.csproj", "{B0E4AD9D-1267-477B-A1E0-BC5C6C6B70DB}"
EndProject
Project("{FAE04EC0-301F-11D3-BF4B-00C04F79EFBC}") = "Infrastructure.Core", "Infrastructure\Infrastructure.Core.csproj", "{27098AD8-EB8D-41D2-8D02-57646CB2BCF4}"
EndProject
Project("{2150E333-8FDC-42A3-9474-1A3956D46DE8}") = "Dependencies", "Dependencies", "{2E84765B-8299-464C-8CFC-145E6878E6AC}"
	ProjectSection(SolutionItems) = preProject
		Dependencies\AutoMapper.dll = Dependencies\AutoMapper.dll
		Dependencies\Microsoft.Practices.ServiceLocation.dll = Dependencies\Microsoft.Practices.ServiceLocation.dll
		Dependencies\Microsoft.Practices.Unity.Configuration.dll = Dependencies\Microsoft.Practices.Unity.Configuration.dll
		Dependencies\Microsoft.Practices.Unity.dll = Dependencies\Microsoft.Practices.Unity.dll
	EndProjectSection
EndProject
Project("{2150E333-8FDC-42A3-9474-1A3956D46DE8}") = "Solution Items", "Solution Items", "{CCCAB34D-9DB5-4AA2-B06B-AAEDDBC022A7}"
EndProject
Project("{FAE04EC0-301F-11D3-BF4B-00C04F79EFBC}") = "GameCenterCore.Implementation", "GameCenterCore.Implementation\GameCenterCore.Implementation.csproj", "{C973915D-41A2-452E-AD38-872EC16489F9}"
EndProject
Project("{FAE04EC0-301F-11D3-BF4B-00C04F79EFBC}") = "AppServer", "AppServer\AppServer.csproj", "{ECA55CFC-82F6-44F1-A246-4D77690E6258}"
EndProject
Project("{FAE04EC0-301F-11D3-BF4B-00C04F79EFBC}") = "GCWeb", "GCWeb\GCWeb.csproj", "{9435E27E-F4F9-4B7D-91FE-C4596A44746F}"
EndProject
Global
	GlobalSection(SolutionConfigurationPlatforms) = preSolution
		Debug|Any CPU = Debug|Any CPU
		Release|Any CPU = Release|Any CPU
	EndGlobalSection
	GlobalSection(ProjectConfigurationPlatforms) = postSolution
		{D236F38A-A14E-43E5-A525-0EE9F91E2FBB}.Debug|Any CPU.ActiveCfg = Debug|Any CPU
		{D236F38A-A14E-43E5-A525-0EE9F91E2FBB}.Debug|Any CPU.Build.0 = Debug|Any CPU
		{D236F38A-A14E-43E5-A525-0EE9F91E2FBB}.Release|Any CPU.ActiveCfg = Release|Any CPU
		{D236F38A-A14E-43E5-A525-0EE9F91E2FBB}.Release|Any CPU.Build.0 = Release|Any CPU
		{B0E4AD9D-1267-477B-A1E0-BC5C6C6B70DB}.Debug|Any CPU.ActiveCfg = Debug|Any CPU
		{B0E4AD9D-1267-477B-A1E0-BC5C6C6B70DB}.Debug|Any CPU.Build.0 = Debug|Any CPU
		{B0E4AD9D-1267-477B-A1E0-BC5C6C6B70DB}.Release|Any CPU.ActiveCfg = Release|Any CPU
		{B0E4AD9D-1267-477B-A1E0-BC5C6C6B70DB}.Release|Any CPU.Build.0 = Release|Any CPU
		{27098AD8-EB8D-41D2-8D02-57646CB2BCF4}.Debug|Any CPU.ActiveCfg = Debug|Any CPU
		{27098AD8-EB8D-41D2-8D02-57646CB2BCF4}.Debug|Any CPU.Build.0 = Debug|Any CPU
		{27098AD8-EB8D-41D2-8D02-57646CB2BCF4}.Release|Any CPU.ActiveCfg = Release|Any CPU
		{27098AD8-EB8D-41D2-8D02-57646CB2BCF4}.Release|Any CPU.Build.0 = Release|Any CPU
		{C973915D-41A2-452E-AD38-872EC16489F9}.Debug|Any CPU.ActiveCfg = Debug|Any CPU
		{C973915D-41A2-452E-AD38-872EC16489F9}.Debug|Any CPU.Build.0 = Debug|Any CPU
		{C973915D-41A2-452E-AD38-872EC16489F9}.Release|Any CPU.ActiveCfg = Release|Any CPU
		{C973915D-41A2-452E-AD38-872EC16489F9}.Release|Any CPU.Build.0 = Release|Any CPU
		{ECA55CFC-82F6-44F1-A246-4D77690E6258}.Debug|Any CPU.ActiveCfg = Debug|Any CPU
		{ECA55CFC-82F6-44F1-A246-4D77690E6258}.Debug|Any CPU.Build.0 = Debug|Any CPU
		{ECA55CFC-82F6-44F1-A246-4D77690E6258}.Release|Any CPU.ActiveCfg = Release|Any CPU
		{ECA55CFC-82F6-44F1-A246-4D77690E6258}.Release|Any CPU.Build.0 = Release|Any CPU
		{9435E27E-F4F9-4B7D-91FE-C4596A44746F}.Debug|Any CPU.ActiveCfg = Debug|Any CPU
		{9435E27E-F4F9-4B7D-91FE-C4596A44746F}.Debug|Any CPU.Build.0 = Debug|Any CPU
		{9435E27E-F4F9-4B7D-91FE-C4596A44746F}.Release|Any CPU.ActiveCfg = Release|Any CPU
		{9435E27E-F4F9-4B7D-91FE-C4596A44746F}.Release|Any CPU.Build.0 = Release|Any CPU
	EndGlobalSection
	GlobalSection(SolutionProperties) = preSolution
		HideSolutionNode = FALSE
	EndGlobalSection
	GlobalSection(NestedProjects) = preSolution
		{713A1598-3FD2-487E-B361-E94F253995C3} = {A148E334-F197-4034-908C-5E0DC751523A}
	EndGlobalSection
EndGlobal
